
Microsoft Visual Studio Solution File, Format Version 12.00
# Visual Studio Version 17
VisualStudioVersion = 17.0.31903.59
MinimumVisualStudioVersion = 10.0.40219.1
Project("{2150E333-8FDC-42A3-9474-1A3956D46DE8}") = "tests", "tests", "{E68DA166-DA01-42F7-AD19-B4032EE94DB8}"
EndProject
Project("{FAE04EC0-301F-11D3-BF4B-00C04F79EFBC}") = "Noxh.XacMinh.Fixtures.Tests", "tests\Noxh.XacMinh.Fixtures.Tests\Noxh.XacMinh.Fixtures.Tests.csproj", "{B8FB08F8-C29C-4897-AF45-690C4C7133CA}"
EndProject
Project("{2150E333-8FDC-42A3-9474-1A3956D46DE8}") = "src", "src", "{3F8DF7B0-8439-4F65-8E6F-CC38A93B7D27}"
EndProject
Project("{FAE04EC0-301F-11D3-BF4B-00C04F79EFBC}") = "Noxh.XacMinh.Core", "src\Noxh.XacMinh.Core\Noxh.XacMinh.Core.csproj", "{4409DE61-CBAA-4719-89B9-88F6E4D5FF07}"
EndProject
Project("{FAE04EC0-301F-11D3-BF4B-00C04F79EFBC}") = "Noxh.XacMinh.TestSupport", "tests\Noxh.XacMinh.TestSupport\Noxh.XacMinh.TestSupport.csproj", "{8F9AE9EC-9D15-4759-97AB-DB7A6E7536A4}"
EndProject
Project("{FAE04EC0-301F-11D3-BF4B-00C04F79EFBC}") = "Noxh.XacMinh.Core.Tests", "tests\Noxh.XacMinh.Core.Tests\Noxh.XacMinh.Core.Tests.csproj", "{310F733F-9E02-427F-AEA7-7724C4BE1CFF}"
EndProject
Project("{FAE04EC0-301F-11D3-BF4B-00C04F79EFBC}") = "Noxh.XacMinh.Web", "src\Noxh.XacMinh.Web\Noxh.XacMinh.Web.csproj", "{D5491A39-0962-4F0E-827C-9ABF4AE46DC4}"
EndProject
Global
	GlobalSection(SolutionConfigurationPlatforms) = preSolution
		Debug|Any CPU = Debug|Any CPU
		Release|Any CPU = Release|Any CPU
	EndGlobalSection
	GlobalSection(SolutionProperties) = preSolution
		HideSolutionNode = FALSE
	EndGlobalSection
	GlobalSection(ProjectConfigurationPlatforms) = postSolution
		{B8FB08F8-C29C-4897-AF45-690C4C7133CA}.Debug|Any CPU.ActiveCfg = Debug|Any CPU
		{B8FB08F8-C29C-4897-AF45-690C4C7133CA}.Debug|Any CPU.Build.0 = Debug|Any CPU
		{B8FB08F8-C29C-4897-AF45-690C4C7133CA}.Release|Any CPU.ActiveCfg = Release|Any CPU
		{B8FB08F8-C29C-4897-AF45-690C4C7133CA}.Release|Any CPU.Build.0 = Release|Any CPU
		{4409DE61-CBAA-4719-89B9-88F6E4D5FF07}.Debug|Any CPU.ActiveCfg = Debug|Any CPU
		{4409DE61-CBAA-4719-89B9-88F6E4D5FF07}.Debug|Any CPU.Build.0 = Debug|Any CPU
		{4409DE61-CBAA-4719-89B9-88F6E4D5FF07}.Release|Any CPU.ActiveCfg = Release|Any CPU
		{4409DE61-CBAA-4719-89B9-88F6E4D5FF07}.Release|Any CPU.Build.0 = Release|Any CPU
		{8F9AE9EC-9D15-4759-97AB-DB7A6E7536A4}.Debug|Any CPU.ActiveCfg = Debug|Any CPU
		{8F9AE9EC-9D15-4759-97AB-DB7A6E7536A4}.Debug|Any CPU.Build.0 = Debug|Any CPU
		{8F9AE9EC-9D15-4759-97AB-DB7A6E7536A4}.Release|Any CPU.ActiveCfg = Release|Any CPU
		{8F9AE9EC-9D15-4759-97AB-DB7A6E7536A4}.Release|Any CPU.Build.0 = Release|Any CPU
		{310F733F-9E02-427F-AEA7-7724C4BE1CFF}.Debug|Any CPU.ActiveCfg = Debug|Any CPU
		{310F733F-9E02-427F-AEA7-7724C4BE1CFF}.Debug|Any CPU.Build.0 = Debug|Any CPU
		{310F733F-9E02-427F-AEA7-7724C4BE1CFF}.Release|Any CPU.ActiveCfg = Release|Any CPU
		{310F733F-9E02-427F-AEA7-7724C4BE1CFF}.Release|Any CPU.Build.0 = Release|Any CPU
		{D5491A39-0962-4F0E-827C-9ABF4AE46DC4}.Debug|Any CPU.ActiveCfg = Debug|Any CPU
		{D5491A39-0962-4F0E-827C-9ABF4AE46DC4}.Debug|Any CPU.Build.0 = Debug|Any CPU
		{D5491A39-0962-4F0E-827C-9ABF4AE46DC4}.Release|Any CPU.ActiveCfg = Release|Any CPU
		{D5491A39-0962-4F0E-827C-9ABF4AE46DC4}.Release|Any CPU.Build.0 = Release|Any CPU
	EndGlobalSection
	GlobalSection(NestedProjects) = preSolution
		{B8FB08F8-C29C-4897-AF45-690C4C7133CA} = {E68DA166-DA01-42F7-AD19-B4032EE94DB8}
		{4409DE61-CBAA-4719-89B9-88F6E4D5FF07} = {3F8DF7B0-8439-4F65-8E6F-CC38A93B7D27}
		{8F9AE9EC-9D15-4759-97AB-DB7A6E7536A4} = {E68DA166-DA01-42F7-AD19-B4032EE94DB8}
		{310F733F-9E02-427F-AEA7-7724C4BE1CFF} = {E68DA166-DA01-42F7-AD19-B4032EE94DB8}
		{D5491A39-0962-4F0E-827C-9ABF4AE46DC4} = {3F8DF7B0-8439-4F65-8E6F-CC38A93B7D27}
	EndGlobalSection
EndGlobal
